// !$*UTF8*$!
{
	archiveVersion = 1;
	classes = {
	};
	objectVersion = 50;
	objects = {

/* Begin PBXBuildFile section */
		9A04D4BB251DCAC90088CCAB /* SearchHistory.storyboard in Resources */ = {isa = PBXBuildFile; fileRef = 9A04D4BA251DCAC90088CCAB /* SearchHistory.storyboard */; };
		9A04D4BD251DCAE60088CCAB /* SearchHistoryViewController.swift in Sources */ = {isa = PBXBuildFile; fileRef = 9A04D4BC251DCAE60088CCAB /* SearchHistoryViewController.swift */; };
		9A04D4C0251DCFC90088CCAB /* UIViewControllerExtension.swift in Sources */ = {isa = PBXBuildFile; fileRef = 9A04D4BF251DCFC90088CCAB /* UIViewControllerExtension.swift */; };
		9A06929125219A87008EB135 /* PostListViewController.swift in Sources */ = {isa = PBXBuildFile; fileRef = 9A06929025219A87008EB135 /* PostListViewController.swift */; };
		9A08C9A3250F92D100C9BE01 /* FollowViewModel.swift in Sources */ = {isa = PBXBuildFile; fileRef = 9A08C9A2250F92D100C9BE01 /* FollowViewModel.swift */; };
		9A08C9A5250F9AB000C9BE01 /* FollowingTableViewCell.xib in Resources */ = {isa = PBXBuildFile; fileRef = 9A08C9A4250F9AB000C9BE01 /* FollowingTableViewCell.xib */; };
		9A08C9A7250F9AC200C9BE01 /* FollowingTableViewCell.swift in Sources */ = {isa = PBXBuildFile; fileRef = 9A08C9A6250F9AC200C9BE01 /* FollowingTableViewCell.swift */; };
		9A08C9A925104B6200C9BE01 /* avatar1.png in Resources */ = {isa = PBXBuildFile; fileRef = 9A08C9A825104B6200C9BE01 /* avatar1.png */; };
		9A2B4C0F2535684500C66681 /* FollowerTableViewCell.xib in Resources */ = {isa = PBXBuildFile; fileRef = 9A2B4C0E2535684500C66681 /* FollowerTableViewCell.xib */; };
		9A2B4C112535686600C66681 /* FollowerTableViewCell.swift in Sources */ = {isa = PBXBuildFile; fileRef = 9A2B4C102535686600C66681 /* FollowerTableViewCell.swift */; };
		9A2B4C1325356A9E00C66681 /* PostTableViewCell.xib in Resources */ = {isa = PBXBuildFile; fileRef = 9A2B4C1225356A9E00C66681 /* PostTableViewCell.xib */; };
		9A2B4C1525356AC300C66681 /* PostTableViewCell.swift in Sources */ = {isa = PBXBuildFile; fileRef = 9A2B4C1425356AC300C66681 /* PostTableViewCell.swift */; };
		9A4483C324F3FDC500919FA4 /* AppDelegate.swift in Sources */ = {isa = PBXBuildFile; fileRef = 9A4483C224F3FDC500919FA4 /* AppDelegate.swift */; };
		9A4483C724F3FDC500919FA4 /* ViewController.swift in Sources */ = {isa = PBXBuildFile; fileRef = 9A4483C624F3FDC500919FA4 /* ViewController.swift */; };
		9A4483CA24F3FDC500919FA4 /* Main.storyboard in Resources */ = {isa = PBXBuildFile; fileRef = 9A4483C824F3FDC500919FA4 /* Main.storyboard */; };
		9A4483CC24F3FDC600919FA4 /* Assets.xcassets in Resources */ = {isa = PBXBuildFile; fileRef = 9A4483CB24F3FDC600919FA4 /* Assets.xcassets */; };
		9A4483CF24F3FDC600919FA4 /* LaunchScreen.storyboard in Resources */ = {isa = PBXBuildFile; fileRef = 9A4483CD24F3FDC600919FA4 /* LaunchScreen.storyboard */; };
		9A4483DA24F3FDC600919FA4 /* heart_to_heartTests.swift in Sources */ = {isa = PBXBuildFile; fileRef = 9A4483D924F3FDC600919FA4 /* heart_to_heartTests.swift */; };
		9A4483E524F3FDC600919FA4 /* heart_to_heartUITests.swift in Sources */ = {isa = PBXBuildFile; fileRef = 9A4483E424F3FDC600919FA4 /* heart_to_heartUITests.swift */; };
		9A5BF27625359E5A002B633C /* SearchHistoryTableViewCell.xib in Resources */ = {isa = PBXBuildFile; fileRef = 9A5BF27525359E5A002B633C /* SearchHistoryTableViewCell.xib */; };
		9A5BF27825359E65002B633C /* SearchHistoryTableViewCell.swift in Sources */ = {isa = PBXBuildFile; fileRef = 9A5BF27725359E65002B633C /* SearchHistoryTableViewCell.swift */; };
		9A5BF27B25364C9D002B633C /* ChangeNickname.storyboard in Resources */ = {isa = PBXBuildFile; fileRef = 9A5BF27A25364C9D002B633C /* ChangeNickname.storyboard */; };
		9A5BF27D25364CB0002B633C /* ChangeNicknameViewController.swift in Sources */ = {isa = PBXBuildFile; fileRef = 9A5BF27C25364CB0002B633C /* ChangeNicknameViewController.swift */; };
		9A5BF27F25364D3F002B633C /* GetCurrentPassword.storyboard in Resources */ = {isa = PBXBuildFile; fileRef = 9A5BF27E25364D3F002B633C /* GetCurrentPassword.storyboard */; };
		9A5BF28125364D57002B633C /* GetCurrentPasswordViewController.swift in Sources */ = {isa = PBXBuildFile; fileRef = 9A5BF28025364D57002B633C /* GetCurrentPasswordViewController.swift */; };
		9A5BF28325364D82002B633C /* GetCurrentPasswordViewModel.swift in Sources */ = {isa = PBXBuildFile; fileRef = 9A5BF28225364D82002B633C /* GetCurrentPasswordViewModel.swift */; };
		9A5BF28525364DC5002B633C /* ChangeNicknameViewModel.swift in Sources */ = {isa = PBXBuildFile; fileRef = 9A5BF28425364DC5002B633C /* ChangeNicknameViewModel.swift */; };
		9A6F257824F8E96700000BD8 /* ViewControllerUtils.swift in Sources */ = {isa = PBXBuildFile; fileRef = 9A6F257724F8E96700000BD8 /* ViewControllerUtils.swift */; };
		9A6F257A24F8EA7F00000BD8 /* MainCoordiator.swift in Sources */ = {isa = PBXBuildFile; fileRef = 9A6F257924F8EA7F00000BD8 /* MainCoordiator.swift */; };
		9A6F257C24F8EC3000000BD8 /* StoryboardInstantiable.swift in Sources */ = {isa = PBXBuildFile; fileRef = 9A6F257B24F8EC3000000BD8 /* StoryboardInstantiable.swift */; };
		9A6F257E24F8EEF100000BD8 /* MainViewController.swift in Sources */ = {isa = PBXBuildFile; fileRef = 9A6F257D24F8EEF100000BD8 /* MainViewController.swift */; };
		9A6F258324F8F15900000BD8 /* HomeViewController.swift in Sources */ = {isa = PBXBuildFile; fileRef = 9A6F258224F8F15900000BD8 /* HomeViewController.swift */; };
		9A6F258524F8F16700000BD8 /* HomeCoordinator.swift in Sources */ = {isa = PBXBuildFile; fileRef = 9A6F258424F8F16700000BD8 /* HomeCoordinator.swift */; };
		9A6F258724F8F17200000BD8 /* Home.storyboard in Resources */ = {isa = PBXBuildFile; fileRef = 9A6F258624F8F17200000BD8 /* Home.storyboard */; };
		9A6F258924F8F19100000BD8 /* ProfileViewController.swift in Sources */ = {isa = PBXBuildFile; fileRef = 9A6F258824F8F19100000BD8 /* ProfileViewController.swift */; };
		9A6F258B24F8F1AC00000BD8 /* ProfileCoordinator.swift in Sources */ = {isa = PBXBuildFile; fileRef = 9A6F258A24F8F1AC00000BD8 /* ProfileCoordinator.swift */; };
		9A6F258D24F8F1B600000BD8 /* Profile.storyboard in Resources */ = {isa = PBXBuildFile; fileRef = 9A6F258C24F8F1B600000BD8 /* Profile.storyboard */; };
		9A6F258F24F8F1CD00000BD8 /* FollowCoordinator.swift in Sources */ = {isa = PBXBuildFile; fileRef = 9A6F258E24F8F1CD00000BD8 /* FollowCoordinator.swift */; };
		9A6F259124F8F26000000BD8 /* FollowVIewController.swift in Sources */ = {isa = PBXBuildFile; fileRef = 9A6F259024F8F26000000BD8 /* FollowVIewController.swift */; };
		9A6F259324F8F26F00000BD8 /* Follow.storyboard in Resources */ = {isa = PBXBuildFile; fileRef = 9A6F259224F8F26F00000BD8 /* Follow.storyboard */; };
		9A6F259524F8F4DE00000BD8 /* Main.storyboard in Resources */ = {isa = PBXBuildFile; fileRef = 9A6F259424F8F4DE00000BD8 /* Main.storyboard */; };
		9A6F259B24F9238800000BD8 /* RxRelay.framework in Frameworks */ = {isa = PBXBuildFile; fileRef = 9A6F259724F9238800000BD8 /* RxRelay.framework */; };
		9A6F259C24F9238800000BD8 /* RxBlocking.framework in Frameworks */ = {isa = PBXBuildFile; fileRef = 9A6F259824F9238800000BD8 /* RxBlocking.framework */; };
		9A6F259D24F9238800000BD8 /* RxSwift.framework in Frameworks */ = {isa = PBXBuildFile; fileRef = 9A6F259924F9238800000BD8 /* RxSwift.framework */; };
		9A6F259E24F9238800000BD8 /* RxCocoa.framework in Frameworks */ = {isa = PBXBuildFile; fileRef = 9A6F259A24F9238800000BD8 /* RxCocoa.framework */; };
		9A6F25A124F9251100000BD8 /* LogInViewModel.swift in Sources */ = {isa = PBXBuildFile; fileRef = 9A6F25A024F9251100000BD8 /* LogInViewModel.swift */; };
		9A6F25E224FE3FFC00000BD8 /* SignUp.storyboard in Resources */ = {isa = PBXBuildFile; fileRef = 9A6F25E124FE3FFC00000BD8 /* SignUp.storyboard */; };
		9A6F25E824FE40C700000BD8 /* FindPassword.storyboard in Resources */ = {isa = PBXBuildFile; fileRef = 9A6F25E724FE40C700000BD8 /* FindPassword.storyboard */; };
		9A6F25EA24FE415800000BD8 /* SignUpViewController.swift in Sources */ = {isa = PBXBuildFile; fileRef = 9A6F25E924FE415800000BD8 /* SignUpViewController.swift */; };
		9A6F25EC24FE41A800000BD8 /* FindPasswordViewController.swift in Sources */ = {isa = PBXBuildFile; fileRef = 9A6F25EB24FE41A800000BD8 /* FindPasswordViewController.swift */; };
		9A6F25EF2500D0C800000BD8 /* BaseViewModel.swift in Sources */ = {isa = PBXBuildFile; fileRef = 9A6F25EE2500D0C800000BD8 /* BaseViewModel.swift */; };
		9A6F25F12500D20300000BD8 /* SignUpViewModel.swift in Sources */ = {isa = PBXBuildFile; fileRef = 9A6F25F02500D20300000BD8 /* SignUpViewModel.swift */; };
		9A6F25F32506214300000BD8 /* FindPasswordViewModel.swift in Sources */ = {isa = PBXBuildFile; fileRef = 9A6F25F22506214300000BD8 /* FindPasswordViewModel.swift */; };
		9A6F25FA25071FD000000BD8 /* BaseUseCase.swift in Sources */ = {isa = PBXBuildFile; fileRef = 9A6F25F925071FD000000BD8 /* BaseUseCase.swift */; };
		9A6F25FD250721E100000BD8 /* GetSessionStateUseCase.swift in Sources */ = {isa = PBXBuildFile; fileRef = 9A6F25FC250721E100000BD8 /* GetSessionStateUseCase.swift */; };
		9A6F25FF250723B400000BD8 /* LogInUseCase.swift in Sources */ = {isa = PBXBuildFile; fileRef = 9A6F25FE250723B400000BD8 /* LogInUseCase.swift */; };
		9A6F260325072A7B00000BD8 /* SessionRepository.swift in Sources */ = {isa = PBXBuildFile; fileRef = 9A6F260225072A7B00000BD8 /* SessionRepository.swift */; };
		9A6F260625072AA300000BD8 /* BaseRepository.swift in Sources */ = {isa = PBXBuildFile; fileRef = 9A6F260525072AA300000BD8 /* BaseRepository.swift */; };
		9A6F260825073E0A00000BD8 /* Swinject.framework in Frameworks */ = {isa = PBXBuildFile; fileRef = 9A6F260725073E0A00000BD8 /* Swinject.framework */; };
		9A6F260B2507416500000BD8 /* Container+RegisterDependencies.swift in Sources */ = {isa = PBXBuildFile; fileRef = 9A6F260A2507416500000BD8 /* Container+RegisterDependencies.swift */; };
		9A6F260D2507419900000BD8 /* Container+ViewModels.swift in Sources */ = {isa = PBXBuildFile; fileRef = 9A6F260C2507419900000BD8 /* Container+ViewModels.swift */; };
		9A6F260F250741E900000BD8 /* Container+Coordinators.swift in Sources */ = {isa = PBXBuildFile; fileRef = 9A6F260E250741E900000BD8 /* Container+Coordinators.swift */; };
		9A6F26112507683600000BD8 /* SwinjectAutoregistration.framework in Frameworks */ = {isa = PBXBuildFile; fileRef = 9A6F26102507683600000BD8 /* SwinjectAutoregistration.framework */; };
		9A6F2613250768ED00000BD8 /* Container+UseCases.swift in Sources */ = {isa = PBXBuildFile; fileRef = 9A6F2612250768ED00000BD8 /* Container+UseCases.swift */; };
		9A6F26152507690B00000BD8 /* Container+Repositories.swift in Sources */ = {isa = PBXBuildFile; fileRef = 9A6F26142507690B00000BD8 /* Container+Repositories.swift */; };
		9A7013D9252234630002DC74 /* CreatePost.storyboard in Resources */ = {isa = PBXBuildFile; fileRef = 9A7013D8252234630002DC74 /* CreatePost.storyboard */; };
		9A7013DC252239700002DC74 /* ChangePassword.storyboard in Resources */ = {isa = PBXBuildFile; fileRef = 9A7013DB252239700002DC74 /* ChangePassword.storyboard */; };
		9A7013DE252239800002DC74 /* ChangePasswordViewController.swift in Sources */ = {isa = PBXBuildFile; fileRef = 9A7013DD252239800002DC74 /* ChangePasswordViewController.swift */; };
		9A7013E025223B730002DC74 /* ProfileViewModel.swift in Sources */ = {isa = PBXBuildFile; fileRef = 9A7013DF25223B730002DC74 /* ProfileViewModel.swift */; };
		9A7013E225223CB00002DC74 /* ChangePasswordViewModel.swift in Sources */ = {isa = PBXBuildFile; fileRef = 9A7013E125223CB00002DC74 /* ChangePasswordViewModel.swift */; };
		9A7013E42522EE880002DC74 /* SearchHistoryViewModel.swift in Sources */ = {isa = PBXBuildFile; fileRef = 9A7013E32522EE880002DC74 /* SearchHistoryViewModel.swift */; };
		9A7013EA2522F8F40002DC74 /* FollowingViewController.swift in Sources */ = {isa = PBXBuildFile; fileRef = 9A7013E92522F8F40002DC74 /* FollowingViewController.swift */; };
		9A7013EC2522F9D10002DC74 /* FollowerViewController.swift in Sources */ = {isa = PBXBuildFile; fileRef = 9A7013EB2522F9D10002DC74 /* FollowerViewController.swift */; };
		9A7013EE2522FA000002DC74 /* Follower.storyboard in Resources */ = {isa = PBXBuildFile; fileRef = 9A7013ED2522FA000002DC74 /* Follower.storyboard */; };
		9A7013F02522FB830002DC74 /* FollowingViewModel.swift in Sources */ = {isa = PBXBuildFile; fileRef = 9A7013EF2522FB830002DC74 /* FollowingViewModel.swift */; };
		9A7013F22522FBE40002DC74 /* FollowerViewModel.swift in Sources */ = {isa = PBXBuildFile; fileRef = 9A7013F12522FBE40002DC74 /* FollowerViewModel.swift */; };
		9A7ADFE525347CE400A99065 /* Following.storyboard in Resources */ = {isa = PBXBuildFile; fileRef = 9A7ADFE425347CE400A99065 /* Following.storyboard */; };
		9A92825224F6914C00D61580 /* AppCoordinator.swift in Sources */ = {isa = PBXBuildFile; fileRef = 9A92825124F6914C00D61580 /* AppCoordinator.swift */; };
		9A9282AB24F7DA4F00D61580 /* BaseCoordinator.swift in Sources */ = {isa = PBXBuildFile; fileRef = 9A9282AA24F7DA4F00D61580 /* BaseCoordinator.swift */; };
		9A9282AD24F7DBEE00D61580 /* AuthorizationCoordinator.swift in Sources */ = {isa = PBXBuildFile; fileRef = 9A9282AC24F7DBEE00D61580 /* AuthorizationCoordinator.swift */; };
		9A9282AF24F7DC3600D61580 /* LogInViewController.swift in Sources */ = {isa = PBXBuildFile; fileRef = 9A9282AE24F7DC3600D61580 /* LogInViewController.swift */; };
		9A9282B124F7DC5200D61580 /* LogIn.storyboard in Resources */ = {isa = PBXBuildFile; fileRef = 9A9282B024F7DC5200D61580 /* LogIn.storyboard */; };
		9AFD5AF9251B58E1000D0DEC /* test.png in Resources */ = {isa = PBXBuildFile; fileRef = 9AFD5AF8251B58E1000D0DEC /* test.png */; };
		9AFD5AFB251C6FF8000D0DEC /* CreatePostViewController.swift in Sources */ = {isa = PBXBuildFile; fileRef = 9AFD5AFA251C6FF8000D0DEC /* CreatePostViewController.swift */; };
		9AFD5B00251C772E000D0DEC /* CreatePostViewModel.swift in Sources */ = {isa = PBXBuildFile; fileRef = 9AFD5AFF251C772E000D0DEC /* CreatePostViewModel.swift */; };
		9AFD5B02251C7A34000D0DEC /* HomeViewModel.swift in Sources */ = {isa = PBXBuildFile; fileRef = 9AFD5B01251C7A34000D0DEC /* HomeViewModel.swift */; };
/* End PBXBuildFile section */

/* Begin PBXContainerItemProxy section */
		9A4483D624F3FDC600919FA4 /* PBXContainerItemProxy */ = {
			isa = PBXContainerItemProxy;
			containerPortal = 9A4483B724F3FDC500919FA4 /* Project object */;
			proxyType = 1;
			remoteGlobalIDString = 9A4483BE24F3FDC500919FA4;
			remoteInfo = "heart-to-heart";
		};
		9A4483E124F3FDC600919FA4 /* PBXContainerItemProxy */ = {
			isa = PBXContainerItemProxy;
			containerPortal = 9A4483B724F3FDC500919FA4 /* Project object */;
			proxyType = 1;
			remoteGlobalIDString = 9A4483BE24F3FDC500919FA4;
			remoteInfo = "heart-to-heart";
		};
/* End PBXContainerItemProxy section */

/* Begin PBXFileReference section */
		9A04D4BA251DCAC90088CCAB /* SearchHistory.storyboard */ = {isa = PBXFileReference; lastKnownFileType = file.storyboard; path = SearchHistory.storyboard; sourceTree = "<group>"; };
		9A04D4BC251DCAE60088CCAB /* SearchHistoryViewController.swift */ = {isa = PBXFileReference; lastKnownFileType = sourcecode.swift; path = SearchHistoryViewController.swift; sourceTree = "<group>"; };
		9A04D4BF251DCFC90088CCAB /* UIViewControllerExtension.swift */ = {isa = PBXFileReference; lastKnownFileType = sourcecode.swift; path = UIViewControllerExtension.swift; sourceTree = "<group>"; };
		9A06929025219A87008EB135 /* PostListViewController.swift */ = {isa = PBXFileReference; lastKnownFileType = sourcecode.swift; path = PostListViewController.swift; sourceTree = "<group>"; };
		9A08C9A2250F92D100C9BE01 /* FollowViewModel.swift */ = {isa = PBXFileReference; lastKnownFileType = sourcecode.swift; path = FollowViewModel.swift; sourceTree = "<group>"; };
		9A08C9A4250F9AB000C9BE01 /* FollowingTableViewCell.xib */ = {isa = PBXFileReference; lastKnownFileType = file.xib; path = FollowingTableViewCell.xib; sourceTree = "<group>"; };
		9A08C9A6250F9AC200C9BE01 /* FollowingTableViewCell.swift */ = {isa = PBXFileReference; lastKnownFileType = sourcecode.swift; path = FollowingTableViewCell.swift; sourceTree = "<group>"; };
		9A08C9A825104B6200C9BE01 /* avatar1.png */ = {isa = PBXFileReference; lastKnownFileType = image.png; name = avatar1.png; path = "../../../../../../test image/avatar1.png"; sourceTree = "<group>"; };
		9A2B4C0E2535684500C66681 /* FollowerTableViewCell.xib */ = {isa = PBXFileReference; lastKnownFileType = file.xib; path = FollowerTableViewCell.xib; sourceTree = "<group>"; };
		9A2B4C102535686600C66681 /* FollowerTableViewCell.swift */ = {isa = PBXFileReference; lastKnownFileType = sourcecode.swift; path = FollowerTableViewCell.swift; sourceTree = "<group>"; };
		9A2B4C1225356A9E00C66681 /* PostTableViewCell.xib */ = {isa = PBXFileReference; lastKnownFileType = file.xib; path = PostTableViewCell.xib; sourceTree = "<group>"; };
		9A2B4C1425356AC300C66681 /* PostTableViewCell.swift */ = {isa = PBXFileReference; lastKnownFileType = sourcecode.swift; path = PostTableViewCell.swift; sourceTree = "<group>"; };
		9A4483BF24F3FDC500919FA4 /* heart-to-heart.app */ = {isa = PBXFileReference; explicitFileType = wrapper.application; includeInIndex = 0; path = "heart-to-heart.app"; sourceTree = BUILT_PRODUCTS_DIR; };
		9A4483C224F3FDC500919FA4 /* AppDelegate.swift */ = {isa = PBXFileReference; lastKnownFileType = sourcecode.swift; path = AppDelegate.swift; sourceTree = "<group>"; };
		9A4483C624F3FDC500919FA4 /* ViewController.swift */ = {isa = PBXFileReference; lastKnownFileType = sourcecode.swift; path = ViewController.swift; sourceTree = "<group>"; };
		9A4483C924F3FDC500919FA4 /* Base */ = {isa = PBXFileReference; lastKnownFileType = file.storyboard; name = Base; path = Base.lproj/Main.storyboard; sourceTree = "<group>"; };
		9A4483CB24F3FDC600919FA4 /* Assets.xcassets */ = {isa = PBXFileReference; lastKnownFileType = folder.assetcatalog; path = Assets.xcassets; sourceTree = "<group>"; };
		9A4483CE24F3FDC600919FA4 /* Base */ = {isa = PBXFileReference; lastKnownFileType = file.storyboard; name = Base; path = Base.lproj/LaunchScreen.storyboard; sourceTree = "<group>"; };
		9A4483D024F3FDC600919FA4 /* Info.plist */ = {isa = PBXFileReference; lastKnownFileType = text.plist.xml; path = Info.plist; sourceTree = "<group>"; };
		9A4483D524F3FDC600919FA4 /* heart-to-heartTests.xctest */ = {isa = PBXFileReference; explicitFileType = wrapper.cfbundle; includeInIndex = 0; path = "heart-to-heartTests.xctest"; sourceTree = BUILT_PRODUCTS_DIR; };
		9A4483D924F3FDC600919FA4 /* heart_to_heartTests.swift */ = {isa = PBXFileReference; lastKnownFileType = sourcecode.swift; path = heart_to_heartTests.swift; sourceTree = "<group>"; };
		9A4483DB24F3FDC600919FA4 /* Info.plist */ = {isa = PBXFileReference; lastKnownFileType = text.plist.xml; path = Info.plist; sourceTree = "<group>"; };
		9A4483E024F3FDC600919FA4 /* heart-to-heartUITests.xctest */ = {isa = PBXFileReference; explicitFileType = wrapper.cfbundle; includeInIndex = 0; path = "heart-to-heartUITests.xctest"; sourceTree = BUILT_PRODUCTS_DIR; };
		9A4483E424F3FDC600919FA4 /* heart_to_heartUITests.swift */ = {isa = PBXFileReference; lastKnownFileType = sourcecode.swift; path = heart_to_heartUITests.swift; sourceTree = "<group>"; };
		9A4483E624F3FDC600919FA4 /* Info.plist */ = {isa = PBXFileReference; lastKnownFileType = text.plist.xml; path = Info.plist; sourceTree = "<group>"; };
		9A5BF27525359E5A002B633C /* SearchHistoryTableViewCell.xib */ = {isa = PBXFileReference; lastKnownFileType = file.xib; path = SearchHistoryTableViewCell.xib; sourceTree = "<group>"; };
		9A5BF27725359E65002B633C /* SearchHistoryTableViewCell.swift */ = {isa = PBXFileReference; lastKnownFileType = sourcecode.swift; path = SearchHistoryTableViewCell.swift; sourceTree = "<group>"; };
		9A5BF27A25364C9D002B633C /* ChangeNickname.storyboard */ = {isa = PBXFileReference; lastKnownFileType = file.storyboard; path = ChangeNickname.storyboard; sourceTree = "<group>"; };
		9A5BF27C25364CB0002B633C /* ChangeNicknameViewController.swift */ = {isa = PBXFileReference; lastKnownFileType = sourcecode.swift; path = ChangeNicknameViewController.swift; sourceTree = "<group>"; };
		9A5BF27E25364D3F002B633C /* GetCurrentPassword.storyboard */ = {isa = PBXFileReference; lastKnownFileType = file.storyboard; path = GetCurrentPassword.storyboard; sourceTree = "<group>"; };
		9A5BF28025364D57002B633C /* GetCurrentPasswordViewController.swift */ = {isa = PBXFileReference; lastKnownFileType = sourcecode.swift; path = GetCurrentPasswordViewController.swift; sourceTree = "<group>"; };
		9A5BF28225364D82002B633C /* GetCurrentPasswordViewModel.swift */ = {isa = PBXFileReference; lastKnownFileType = sourcecode.swift; path = GetCurrentPasswordViewModel.swift; sourceTree = "<group>"; };
		9A5BF28425364DC5002B633C /* ChangeNicknameViewModel.swift */ = {isa = PBXFileReference; lastKnownFileType = sourcecode.swift; path = ChangeNicknameViewModel.swift; sourceTree = "<group>"; };
		9A6F257724F8E96700000BD8 /* ViewControllerUtils.swift */ = {isa = PBXFileReference; lastKnownFileType = sourcecode.swift; path = ViewControllerUtils.swift; sourceTree = "<group>"; };
		9A6F257924F8EA7F00000BD8 /* MainCoordiator.swift */ = {isa = PBXFileReference; lastKnownFileType = sourcecode.swift; path = MainCoordiator.swift; sourceTree = "<group>"; };
		9A6F257B24F8EC3000000BD8 /* StoryboardInstantiable.swift */ = {isa = PBXFileReference; lastKnownFileType = sourcecode.swift; path = StoryboardInstantiable.swift; sourceTree = "<group>"; };
		9A6F257D24F8EEF100000BD8 /* MainViewController.swift */ = {isa = PBXFileReference; lastKnownFileType = sourcecode.swift; path = MainViewController.swift; sourceTree = "<group>"; };
		9A6F258224F8F15900000BD8 /* HomeViewController.swift */ = {isa = PBXFileReference; lastKnownFileType = sourcecode.swift; path = HomeViewController.swift; sourceTree = "<group>"; };
		9A6F258424F8F16700000BD8 /* HomeCoordinator.swift */ = {isa = PBXFileReference; lastKnownFileType = sourcecode.swift; path = HomeCoordinator.swift; sourceTree = "<group>"; };
		9A6F258624F8F17200000BD8 /* Home.storyboard */ = {isa = PBXFileReference; lastKnownFileType = file.storyboard; path = Home.storyboard; sourceTree = "<group>"; };
		9A6F258824F8F19100000BD8 /* ProfileViewController.swift */ = {isa = PBXFileReference; lastKnownFileType = sourcecode.swift; path = ProfileViewController.swift; sourceTree = "<group>"; };
		9A6F258A24F8F1AC00000BD8 /* ProfileCoordinator.swift */ = {isa = PBXFileReference; lastKnownFileType = sourcecode.swift; path = ProfileCoordinator.swift; sourceTree = "<group>"; };
		9A6F258C24F8F1B600000BD8 /* Profile.storyboard */ = {isa = PBXFileReference; lastKnownFileType = file.storyboard; path = Profile.storyboard; sourceTree = "<group>"; };
		9A6F258E24F8F1CD00000BD8 /* FollowCoordinator.swift */ = {isa = PBXFileReference; lastKnownFileType = sourcecode.swift; path = FollowCoordinator.swift; sourceTree = "<group>"; };
		9A6F259024F8F26000000BD8 /* FollowVIewController.swift */ = {isa = PBXFileReference; lastKnownFileType = sourcecode.swift; path = FollowVIewController.swift; sourceTree = "<group>"; };
		9A6F259224F8F26F00000BD8 /* Follow.storyboard */ = {isa = PBXFileReference; lastKnownFileType = file.storyboard; path = Follow.storyboard; sourceTree = "<group>"; };
		9A6F259424F8F4DE00000BD8 /* Main.storyboard */ = {isa = PBXFileReference; lastKnownFileType = file.storyboard; path = Main.storyboard; sourceTree = "<group>"; };
		9A6F259724F9238800000BD8 /* RxRelay.framework */ = {isa = PBXFileReference; lastKnownFileType = wrapper.framework; name = RxRelay.framework; path = Carthage/Build/iOS/RxRelay.framework; sourceTree = "<group>"; };
		9A6F259824F9238800000BD8 /* RxBlocking.framework */ = {isa = PBXFileReference; lastKnownFileType = wrapper.framework; name = RxBlocking.framework; path = Carthage/Build/iOS/RxBlocking.framework; sourceTree = "<group>"; };
		9A6F259924F9238800000BD8 /* RxSwift.framework */ = {isa = PBXFileReference; lastKnownFileType = wrapper.framework; name = RxSwift.framework; path = Carthage/Build/iOS/RxSwift.framework; sourceTree = "<group>"; };
		9A6F259A24F9238800000BD8 /* RxCocoa.framework */ = {isa = PBXFileReference; lastKnownFileType = wrapper.framework; name = RxCocoa.framework; path = Carthage/Build/iOS/RxCocoa.framework; sourceTree = "<group>"; };
		9A6F25A024F9251100000BD8 /* LogInViewModel.swift */ = {isa = PBXFileReference; lastKnownFileType = sourcecode.swift; path = LogInViewModel.swift; sourceTree = "<group>"; };
		9A6F25E124FE3FFC00000BD8 /* SignUp.storyboard */ = {isa = PBXFileReference; lastKnownFileType = file.storyboard; path = SignUp.storyboard; sourceTree = "<group>"; };
		9A6F25E724FE40C700000BD8 /* FindPassword.storyboard */ = {isa = PBXFileReference; lastKnownFileType = file.storyboard; path = FindPassword.storyboard; sourceTree = "<group>"; };
		9A6F25E924FE415800000BD8 /* SignUpViewController.swift */ = {isa = PBXFileReference; lastKnownFileType = sourcecode.swift; path = SignUpViewController.swift; sourceTree = "<group>"; };
		9A6F25EB24FE41A800000BD8 /* FindPasswordViewController.swift */ = {isa = PBXFileReference; lastKnownFileType = sourcecode.swift; path = FindPasswordViewController.swift; sourceTree = "<group>"; };
		9A6F25EE2500D0C800000BD8 /* BaseViewModel.swift */ = {isa = PBXFileReference; lastKnownFileType = sourcecode.swift; path = BaseViewModel.swift; sourceTree = "<group>"; };
		9A6F25F02500D20300000BD8 /* SignUpViewModel.swift */ = {isa = PBXFileReference; lastKnownFileType = sourcecode.swift; path = SignUpViewModel.swift; sourceTree = "<group>"; };
		9A6F25F22506214300000BD8 /* FindPasswordViewModel.swift */ = {isa = PBXFileReference; lastKnownFileType = sourcecode.swift; path = FindPasswordViewModel.swift; sourceTree = "<group>"; };
		9A6F25F925071FD000000BD8 /* BaseUseCase.swift */ = {isa = PBXFileReference; lastKnownFileType = sourcecode.swift; path = BaseUseCase.swift; sourceTree = "<group>"; };
		9A6F25FC250721E100000BD8 /* GetSessionStateUseCase.swift */ = {isa = PBXFileReference; lastKnownFileType = sourcecode.swift; path = GetSessionStateUseCase.swift; sourceTree = "<group>"; };
		9A6F25FE250723B400000BD8 /* LogInUseCase.swift */ = {isa = PBXFileReference; lastKnownFileType = sourcecode.swift; path = LogInUseCase.swift; sourceTree = "<group>"; };
		9A6F260225072A7B00000BD8 /* SessionRepository.swift */ = {isa = PBXFileReference; lastKnownFileType = sourcecode.swift; path = SessionRepository.swift; sourceTree = "<group>"; };
		9A6F260525072AA300000BD8 /* BaseRepository.swift */ = {isa = PBXFileReference; lastKnownFileType = sourcecode.swift; path = BaseRepository.swift; sourceTree = "<group>"; };
		9A6F260725073E0A00000BD8 /* Swinject.framework */ = {isa = PBXFileReference; lastKnownFileType = wrapper.framework; name = Swinject.framework; path = Carthage/Build/iOS/Swinject.framework; sourceTree = "<group>"; };
		9A6F260A2507416500000BD8 /* Container+RegisterDependencies.swift */ = {isa = PBXFileReference; lastKnownFileType = sourcecode.swift; path = "Container+RegisterDependencies.swift"; sourceTree = "<group>"; };
		9A6F260C2507419900000BD8 /* Container+ViewModels.swift */ = {isa = PBXFileReference; lastKnownFileType = sourcecode.swift; path = "Container+ViewModels.swift"; sourceTree = "<group>"; };
		9A6F260E250741E900000BD8 /* Container+Coordinators.swift */ = {isa = PBXFileReference; lastKnownFileType = sourcecode.swift; path = "Container+Coordinators.swift"; sourceTree = "<group>"; };
		9A6F26102507683600000BD8 /* SwinjectAutoregistration.framework */ = {isa = PBXFileReference; lastKnownFileType = wrapper.framework; name = SwinjectAutoregistration.framework; path = Carthage/Build/iOS/SwinjectAutoregistration.framework; sourceTree = "<group>"; };
		9A6F2612250768ED00000BD8 /* Container+UseCases.swift */ = {isa = PBXFileReference; lastKnownFileType = sourcecode.swift; path = "Container+UseCases.swift"; sourceTree = "<group>"; };
		9A6F26142507690B00000BD8 /* Container+Repositories.swift */ = {isa = PBXFileReference; lastKnownFileType = sourcecode.swift; path = "Container+Repositories.swift"; sourceTree = "<group>"; };
		9A7013D8252234630002DC74 /* CreatePost.storyboard */ = {isa = PBXFileReference; lastKnownFileType = file.storyboard; path = CreatePost.storyboard; sourceTree = "<group>"; };
		9A7013DB252239700002DC74 /* ChangePassword.storyboard */ = {isa = PBXFileReference; lastKnownFileType = file.storyboard; path = ChangePassword.storyboard; sourceTree = "<group>"; };
		9A7013DD252239800002DC74 /* ChangePasswordViewController.swift */ = {isa = PBXFileReference; lastKnownFileType = sourcecode.swift; path = ChangePasswordViewController.swift; sourceTree = "<group>"; };
		9A7013DF25223B730002DC74 /* ProfileViewModel.swift */ = {isa = PBXFileReference; lastKnownFileType = sourcecode.swift; path = ProfileViewModel.swift; sourceTree = "<group>"; };
		9A7013E125223CB00002DC74 /* ChangePasswordViewModel.swift */ = {isa = PBXFileReference; lastKnownFileType = sourcecode.swift; path = ChangePasswordViewModel.swift; sourceTree = "<group>"; };
		9A7013E32522EE880002DC74 /* SearchHistoryViewModel.swift */ = {isa = PBXFileReference; lastKnownFileType = sourcecode.swift; path = SearchHistoryViewModel.swift; sourceTree = "<group>"; };
		9A7013E92522F8F40002DC74 /* FollowingViewController.swift */ = {isa = PBXFileReference; lastKnownFileType = sourcecode.swift; path = FollowingViewController.swift; sourceTree = "<group>"; };
		9A7013EB2522F9D10002DC74 /* FollowerViewController.swift */ = {isa = PBXFileReference; lastKnownFileType = sourcecode.swift; path = FollowerViewController.swift; sourceTree = "<group>"; };
		9A7013ED2522FA000002DC74 /* Follower.storyboard */ = {isa = PBXFileReference; lastKnownFileType = file.storyboard; path = Follower.storyboard; sourceTree = "<group>"; };
		9A7013EF2522FB830002DC74 /* FollowingViewModel.swift */ = {isa = PBXFileReference; lastKnownFileType = sourcecode.swift; path = FollowingViewModel.swift; sourceTree = "<group>"; };
		9A7013F12522FBE40002DC74 /* FollowerViewModel.swift */ = {isa = PBXFileReference; lastKnownFileType = sourcecode.swift; path = FollowerViewModel.swift; sourceTree = "<group>"; };
		9A7ADFE425347CE400A99065 /* Following.storyboard */ = {isa = PBXFileReference; lastKnownFileType = file.storyboard; path = Following.storyboard; sourceTree = "<group>"; };
		9A92825124F6914C00D61580 /* AppCoordinator.swift */ = {isa = PBXFileReference; lastKnownFileType = sourcecode.swift; path = AppCoordinator.swift; sourceTree = "<group>"; };
		9A9282AA24F7DA4F00D61580 /* BaseCoordinator.swift */ = {isa = PBXFileReference; lastKnownFileType = sourcecode.swift; path = BaseCoordinator.swift; sourceTree = "<group>"; };
		9A9282AC24F7DBEE00D61580 /* AuthorizationCoordinator.swift */ = {isa = PBXFileReference; lastKnownFileType = sourcecode.swift; path = AuthorizationCoordinator.swift; sourceTree = "<group>"; };
		9A9282AE24F7DC3600D61580 /* LogInViewController.swift */ = {isa = PBXFileReference; lastKnownFileType = sourcecode.swift; path = LogInViewController.swift; sourceTree = "<group>"; };
		9A9282B024F7DC5200D61580 /* LogIn.storyboard */ = {isa = PBXFileReference; lastKnownFileType = file.storyboard; name = LogIn.storyboard; path = ../SignUp/LogIn.storyboard; sourceTree = "<group>"; };
		9AFD5AF8251B58E1000D0DEC /* test.png */ = {isa = PBXFileReference; lastKnownFileType = image.png; path = test.png; sourceTree = "<group>"; };
		9AFD5AFA251C6FF8000D0DEC /* CreatePostViewController.swift */ = {isa = PBXFileReference; lastKnownFileType = sourcecode.swift; path = CreatePostViewController.swift; sourceTree = "<group>"; };
		9AFD5AFF251C772E000D0DEC /* CreatePostViewModel.swift */ = {isa = PBXFileReference; lastKnownFileType = sourcecode.swift; path = CreatePostViewModel.swift; sourceTree = "<group>"; };
		9AFD5B01251C7A34000D0DEC /* HomeViewModel.swift */ = {isa = PBXFileReference; lastKnownFileType = sourcecode.swift; path = HomeViewModel.swift; sourceTree = "<group>"; };
/* End PBXFileReference section */

/* Begin PBXFrameworksBuildPhase section */
		9A4483BC24F3FDC500919FA4 /* Frameworks */ = {
			isa = PBXFrameworksBuildPhase;
			buildActionMask = 2147483647;
			files = (
				9A6F26112507683600000BD8 /* SwinjectAutoregistration.framework in Frameworks */,
				9A6F260825073E0A00000BD8 /* Swinject.framework in Frameworks */,
				9A6F259B24F9238800000BD8 /* RxRelay.framework in Frameworks */,
				9A6F259C24F9238800000BD8 /* RxBlocking.framework in Frameworks */,
				9A6F259D24F9238800000BD8 /* RxSwift.framework in Frameworks */,
				9A6F259E24F9238800000BD8 /* RxCocoa.framework in Frameworks */,
			);
			runOnlyForDeploymentPostprocessing = 0;
		};
		9A4483D224F3FDC600919FA4 /* Frameworks */ = {
			isa = PBXFrameworksBuildPhase;
			buildActionMask = 2147483647;
			files = (
			);
			runOnlyForDeploymentPostprocessing = 0;
		};
		9A4483DD24F3FDC600919FA4 /* Frameworks */ = {
			isa = PBXFrameworksBuildPhase;
			buildActionMask = 2147483647;
			files = (
			);
			runOnlyForDeploymentPostprocessing = 0;
		};
/* End PBXFrameworksBuildPhase section */

/* Begin PBXGroup section */
		9A04D4B9251DC6EF0088CCAB /* SearchHistory */ = {
			isa = PBXGroup;
			children = (
				9A04D4BA251DCAC90088CCAB /* SearchHistory.storyboard */,
				9A04D4BC251DCAE60088CCAB /* SearchHistoryViewController.swift */,
				9A7013E32522EE880002DC74 /* SearchHistoryViewModel.swift */,
				9A5BF27525359E5A002B633C /* SearchHistoryTableViewCell.xib */,
				9A5BF27725359E65002B633C /* SearchHistoryTableViewCell.swift */,
			);
			path = SearchHistory;
			sourceTree = "<group>";
		};
		9A04D4BE251DCF9C0088CCAB /* Extension */ = {
			isa = PBXGroup;
			children = (
				9A04D4BF251DCFC90088CCAB /* UIViewControllerExtension.swift */,
			);
			path = Extension;
			sourceTree = "<group>";
		};
		9A06928D25219A3F008EB135 /* PostList */ = {
			isa = PBXGroup;
			children = (
				9A06929025219A87008EB135 /* PostListViewController.swift */,
				9A2B4C1225356A9E00C66681 /* PostTableViewCell.xib */,
				9A2B4C1425356AC300C66681 /* PostTableViewCell.swift */,
			);
			path = PostList;
			sourceTree = "<group>";
		};
		9A4483B624F3FDC500919FA4 = {
			isa = PBXGroup;
			children = (
				9A4483C124F3FDC500919FA4 /* heart-to-heart */,
				9A4483D824F3FDC600919FA4 /* heart-to-heartTests */,
				9A4483E324F3FDC600919FA4 /* heart-to-heartUITests */,
				9A4483C024F3FDC500919FA4 /* Products */,
				9A6F259624F9238800000BD8 /* Frameworks */,
			);
			sourceTree = "<group>";
		};
		9A4483C024F3FDC500919FA4 /* Products */ = {
			isa = PBXGroup;
			children = (
				9A4483BF24F3FDC500919FA4 /* heart-to-heart.app */,
				9A4483D524F3FDC600919FA4 /* heart-to-heartTests.xctest */,
				9A4483E024F3FDC600919FA4 /* heart-to-heartUITests.xctest */,
			);
			name = Products;
			sourceTree = "<group>";
		};
		9A4483C124F3FDC500919FA4 /* heart-to-heart */ = {
			isa = PBXGroup;
			children = (
				9A9282A924F7DA3200D61580 /* Base */,
				9A92824D24F6907000D61580 /* Application */,
				9A92824E24F690C800D61580 /* DI */,
				9A9281A324F4107600D61580 /* Data */,
				9A9281A524F410B100D61580 /* Domain */,
				9A9281A424F4108000D61580 /* Presentation */,
				9A4483C624F3FDC500919FA4 /* ViewController.swift */,
				9A4483C824F3FDC500919FA4 /* Main.storyboard */,
				9A4483CB24F3FDC600919FA4 /* Assets.xcassets */,
				9A4483CD24F3FDC600919FA4 /* LaunchScreen.storyboard */,
				9A4483D024F3FDC600919FA4 /* Info.plist */,
				9A08C9A825104B6200C9BE01 /* avatar1.png */,
				9AFD5AF8251B58E1000D0DEC /* test.png */,
			);
			path = "heart-to-heart";
			sourceTree = "<group>";
		};
		9A4483D824F3FDC600919FA4 /* heart-to-heartTests */ = {
			isa = PBXGroup;
			children = (
				9A4483D924F3FDC600919FA4 /* heart_to_heartTests.swift */,
				9A4483DB24F3FDC600919FA4 /* Info.plist */,
			);
			path = "heart-to-heartTests";
			sourceTree = "<group>";
		};
		9A4483E324F3FDC600919FA4 /* heart-to-heartUITests */ = {
			isa = PBXGroup;
			children = (
				9A4483E424F3FDC600919FA4 /* heart_to_heartUITests.swift */,
				9A4483E624F3FDC600919FA4 /* Info.plist */,
			);
			path = "heart-to-heartUITests";
			sourceTree = "<group>";
		};
		9A5BF2792536477B002B633C /* ChangeNickname */ = {
			isa = PBXGroup;
			children = (
				9A5BF27A25364C9D002B633C /* ChangeNickname.storyboard */,
				9A5BF27C25364CB0002B633C /* ChangeNicknameViewController.swift */,
				9A5BF28425364DC5002B633C /* ChangeNicknameViewModel.swift */,
			);
			path = ChangeNickname;
			sourceTree = "<group>";
		};
		9A6F257624F8E95100000BD8 /* Util */ = {
			isa = PBXGroup;
			children = (
				9A6F257724F8E96700000BD8 /* ViewControllerUtils.swift */,
				9A6F257B24F8EC3000000BD8 /* StoryboardInstantiable.swift */,
			);
			path = Util;
			sourceTree = "<group>";
		};
		9A6F257F24F8F11E00000BD8 /* Home */ = {
			isa = PBXGroup;
			children = (
				9A6F258424F8F16700000BD8 /* HomeCoordinator.swift */,
				9A6F258224F8F15900000BD8 /* HomeViewController.swift */,
				9AFD5B01251C7A34000D0DEC /* HomeViewModel.swift */,
				9A6F258624F8F17200000BD8 /* Home.storyboard */,
				9A06928D25219A3F008EB135 /* PostList */,
				9A04D4B9251DC6EF0088CCAB /* SearchHistory */,
				9AFD5AFE251C7289000D0DEC /* CreatePost */,
			);
			path = Home;
			sourceTree = "<group>";
		};
		9A6F258024F8F12500000BD8 /* Follow */ = {
			isa = PBXGroup;
			children = (
				9A6F258E24F8F1CD00000BD8 /* FollowCoordinator.swift */,
				9A6F259224F8F26F00000BD8 /* Follow.storyboard */,
				9A6F259024F8F26000000BD8 /* FollowVIewController.swift */,
				9A08C9A2250F92D100C9BE01 /* FollowViewModel.swift */,
				9A7013E62522F85C0002DC74 /* Following */,
				9A7013E52522F8500002DC74 /* Follower */,
			);
			path = Follow;
			sourceTree = "<group>";
		};
		9A6F258124F8F13000000BD8 /* Profile */ = {
			isa = PBXGroup;
			children = (
				9A6F258A24F8F1AC00000BD8 /* ProfileCoordinator.swift */,
				9A6F258C24F8F1B600000BD8 /* Profile.storyboard */,
				9A6F258824F8F19100000BD8 /* ProfileViewController.swift */,
				9A7013DF25223B730002DC74 /* ProfileViewModel.swift */,
				9A5BF2792536477B002B633C /* ChangeNickname */,
				9A7013DA2522394E0002DC74 /* ChangePassword */,
			);
			path = Profile;
			sourceTree = "<group>";
		};
		9A6F259624F9238800000BD8 /* Frameworks */ = {
			isa = PBXGroup;
			children = (
				9A6F26102507683600000BD8 /* SwinjectAutoregistration.framework */,
				9A6F260725073E0A00000BD8 /* Swinject.framework */,
				9A6F259824F9238800000BD8 /* RxBlocking.framework */,
				9A6F259A24F9238800000BD8 /* RxCocoa.framework */,
				9A6F259724F9238800000BD8 /* RxRelay.framework */,
				9A6F259924F9238800000BD8 /* RxSwift.framework */,
			);
			name = Frameworks;
			sourceTree = "<group>";
		};
		9A6F25DE24FE3BC400000BD8 /* LogIn */ = {
			isa = PBXGroup;
			children = (
				9A9282B024F7DC5200D61580 /* LogIn.storyboard */,
				9A9282AE24F7DC3600D61580 /* LogInViewController.swift */,
				9A6F25A024F9251100000BD8 /* LogInViewModel.swift */,
			);
			path = LogIn;
			sourceTree = "<group>";
		};
		9A6F25DF24FE3BCA00000BD8 /* SignUp */ = {
			isa = PBXGroup;
			children = (
				9A6F25E124FE3FFC00000BD8 /* SignUp.storyboard */,
				9A6F25E924FE415800000BD8 /* SignUpViewController.swift */,
				9A6F25F02500D20300000BD8 /* SignUpViewModel.swift */,
			);
			path = SignUp;
			sourceTree = "<group>";
		};
		9A6F25E024FE3BD300000BD8 /* FindPassword */ = {
			isa = PBXGroup;
			children = (
				9A6F25E724FE40C700000BD8 /* FindPassword.storyboard */,
				9A6F25EB24FE41A800000BD8 /* FindPasswordViewController.swift */,
				9A6F25F22506214300000BD8 /* FindPasswordViewModel.swift */,
			);
			path = FindPassword;
			sourceTree = "<group>";
		};
		9A6F25ED24FE457300000BD8 /* Base */ = {
			isa = PBXGroup;
			children = (
				9A9282AA24F7DA4F00D61580 /* BaseCoordinator.swift */,
				9A6F25EE2500D0C800000BD8 /* BaseViewModel.swift */,
			);
			path = Base;
			sourceTree = "<group>";
		};
		9A6F25F625071F8800000BD8 /* Base */ = {
			isa = PBXGroup;
			children = (
				9A6F25F925071FD000000BD8 /* BaseUseCase.swift */,
			);
			path = Base;
			sourceTree = "<group>";
		};
		9A6F25F725071F8E00000BD8 /* Model */ = {
			isa = PBXGroup;
			children = (
			);
			path = Model;
			sourceTree = "<group>";
		};
		9A6F25F825071F9700000BD8 /* UseCase */ = {
			isa = PBXGroup;
			children = (
				9A6F25FC250721E100000BD8 /* GetSessionStateUseCase.swift */,
				9A6F25FE250723B400000BD8 /* LogInUseCase.swift */,
			);
			path = UseCase;
			sourceTree = "<group>";
		};
		9A6F260025072A5C00000BD8 /* Repository */ = {
			isa = PBXGroup;
			children = (
				9A6F260225072A7B00000BD8 /* SessionRepository.swift */,
			);
			path = Repository;
			sourceTree = "<group>";
		};
		9A6F260425072A8200000BD8 /* Base */ = {
			isa = PBXGroup;
			children = (
				9A6F260525072AA300000BD8 /* BaseRepository.swift */,
			);
			path = Base;
			sourceTree = "<group>";
		};
		9A7013DA2522394E0002DC74 /* ChangePassword */ = {
			isa = PBXGroup;
			children = (
				9A5BF27E25364D3F002B633C /* GetCurrentPassword.storyboard */,
				9A5BF28025364D57002B633C /* GetCurrentPasswordViewController.swift */,
				9A5BF28225364D82002B633C /* GetCurrentPasswordViewModel.swift */,
				9A7013DB252239700002DC74 /* ChangePassword.storyboard */,
				9A7013DD252239800002DC74 /* ChangePasswordViewController.swift */,
				9A7013E125223CB00002DC74 /* ChangePasswordViewModel.swift */,
			);
			path = ChangePassword;
			sourceTree = "<group>";
		};
		9A7013E52522F8500002DC74 /* Follower */ = {
			isa = PBXGroup;
			children = (
				9A7013ED2522FA000002DC74 /* Follower.storyboard */,
				9A7013EB2522F9D10002DC74 /* FollowerViewController.swift */,
				9A7013F12522FBE40002DC74 /* FollowerViewModel.swift */,
				9A2B4C0E2535684500C66681 /* FollowerTableViewCell.xib */,
				9A2B4C102535686600C66681 /* FollowerTableViewCell.swift */,
			);
			path = Follower;
			sourceTree = "<group>";
		};
		9A7013E62522F85C0002DC74 /* Following */ = {
			isa = PBXGroup;
			children = (
				9A7ADFE425347CE400A99065 /* Following.storyboard */,
				9A7013E92522F8F40002DC74 /* FollowingViewController.swift */,
				9A7013EF2522FB830002DC74 /* FollowingViewModel.swift */,
				9A08C9A4250F9AB000C9BE01 /* FollowingTableViewCell.xib */,
				9A08C9A6250F9AC200C9BE01 /* FollowingTableViewCell.swift */,
			);
			path = Following;
			sourceTree = "<group>";
		};
		9A9281A324F4107600D61580 /* Data */ = {
			isa = PBXGroup;
			children = (
				9A6F260425072A8200000BD8 /* Base */,
				9A6F260025072A5C00000BD8 /* Repository */,
			);
			path = Data;
			sourceTree = "<group>";
		};
		9A9281A424F4108000D61580 /* Presentation */ = {
			isa = PBXGroup;
			children = (
				9A9281A624F410F700D61580 /* Model */,
				9A04D4BE251DCF9C0088CCAB /* Extension */,
				9A6F25ED24FE457300000BD8 /* Base */,
				9A9281A724F410FD00D61580 /* Scene */,
				9A6F257624F8E95100000BD8 /* Util */,
			);
			path = Presentation;
			sourceTree = "<group>";
		};
		9A9281A524F410B100D61580 /* Domain */ = {
			isa = PBXGroup;
			children = (
				9A6F25F625071F8800000BD8 /* Base */,
				9A6F25F725071F8E00000BD8 /* Model */,
				9A6F25F825071F9700000BD8 /* UseCase */,
			);
			path = Domain;
			sourceTree = "<group>";
		};
		9A9281A624F410F700D61580 /* Model */ = {
			isa = PBXGroup;
			children = (
			);
			path = Model;
			sourceTree = "<group>";
		};
		9A9281A724F410FD00D61580 /* Scene */ = {
			isa = PBXGroup;
			children = (
				9A92825124F6914C00D61580 /* AppCoordinator.swift */,
				9A9281AA24F4113500D61580 /* Authorization */,
				9A9281A824F4110900D61580 /* Main */,
			);
			path = Scene;
			sourceTree = "<group>";
		};
		9A9281A824F4110900D61580 /* Main */ = {
			isa = PBXGroup;
			children = (
				9A6F257924F8EA7F00000BD8 /* MainCoordiator.swift */,
				9A6F257D24F8EEF100000BD8 /* MainViewController.swift */,
				9A6F259424F8F4DE00000BD8 /* Main.storyboard */,
				9A6F257F24F8F11E00000BD8 /* Home */,
				9A6F258024F8F12500000BD8 /* Follow */,
				9A6F258124F8F13000000BD8 /* Profile */,
			);
			path = Main;
			sourceTree = "<group>";
		};
		9A9281AA24F4113500D61580 /* Authorization */ = {
			isa = PBXGroup;
			children = (
				9A9282AC24F7DBEE00D61580 /* AuthorizationCoordinator.swift */,
				9A6F25DE24FE3BC400000BD8 /* LogIn */,
				9A6F25DF24FE3BCA00000BD8 /* SignUp */,
				9A6F25E024FE3BD300000BD8 /* FindPassword */,
			);
			path = Authorization;
			sourceTree = "<group>";
		};
		9A92824D24F6907000D61580 /* Application */ = {
			isa = PBXGroup;
			children = (
				9A4483C224F3FDC500919FA4 /* AppDelegate.swift */,
			);
			path = Application;
			sourceTree = "<group>";
		};
		9A92824E24F690C800D61580 /* DI */ = {
			isa = PBXGroup;
			children = (
				9A6F260A2507416500000BD8 /* Container+RegisterDependencies.swift */,
				9A6F260E250741E900000BD8 /* Container+Coordinators.swift */,
				9A6F260C2507419900000BD8 /* Container+ViewModels.swift */,
				9A6F2612250768ED00000BD8 /* Container+UseCases.swift */,
				9A6F26142507690B00000BD8 /* Container+Repositories.swift */,
			);
			path = DI;
			sourceTree = "<group>";
		};
		9A9282A924F7DA3200D61580 /* Base */ = {
			isa = PBXGroup;
			children = (
			);
			path = Base;
			sourceTree = "<group>";
		};
		9AFD5AFE251C7289000D0DEC /* CreatePost */ = {
			isa = PBXGroup;
			children = (
				9AFD5AFA251C6FF8000D0DEC /* CreatePostViewController.swift */,
				9AFD5AFF251C772E000D0DEC /* CreatePostViewModel.swift */,
				9A7013D8252234630002DC74 /* CreatePost.storyboard */,
			);
			path = CreatePost;
			sourceTree = "<group>";
		};
/* End PBXGroup section */

/* Begin PBXNativeTarget section */
		9A4483BE24F3FDC500919FA4 /* heart-to-heart */ = {
			isa = PBXNativeTarget;
			buildConfigurationList = 9A4483E924F3FDC600919FA4 /* Build configuration list for PBXNativeTarget "heart-to-heart" */;
			buildPhases = (
				9A4483BB24F3FDC500919FA4 /* Sources */,
				9A4483BC24F3FDC500919FA4 /* Frameworks */,
				9A4483BD24F3FDC500919FA4 /* Resources */,
				9A6F259F24F9239F00000BD8 /* ShellScript */,
			);
			buildRules = (
			);
			dependencies = (
			);
			name = "heart-to-heart";
			productName = "heart-to-heart";
			productReference = 9A4483BF24F3FDC500919FA4 /* heart-to-heart.app */;
			productType = "com.apple.product-type.application";
		};
		9A4483D424F3FDC600919FA4 /* heart-to-heartTests */ = {
			isa = PBXNativeTarget;
			buildConfigurationList = 9A4483EC24F3FDC600919FA4 /* Build configuration list for PBXNativeTarget "heart-to-heartTests" */;
			buildPhases = (
				9A4483D124F3FDC600919FA4 /* Sources */,
				9A4483D224F3FDC600919FA4 /* Frameworks */,
				9A4483D324F3FDC600919FA4 /* Resources */,
			);
			buildRules = (
			);
			dependencies = (
				9A4483D724F3FDC600919FA4 /* PBXTargetDependency */,
			);
			name = "heart-to-heartTests";
			productName = "heart-to-heartTests";
			productReference = 9A4483D524F3FDC600919FA4 /* heart-to-heartTests.xctest */;
			productType = "com.apple.product-type.bundle.unit-test";
		};
		9A4483DF24F3FDC600919FA4 /* heart-to-heartUITests */ = {
			isa = PBXNativeTarget;
			buildConfigurationList = 9A4483EF24F3FDC600919FA4 /* Build configuration list for PBXNativeTarget "heart-to-heartUITests" */;
			buildPhases = (
				9A4483DC24F3FDC600919FA4 /* Sources */,
				9A4483DD24F3FDC600919FA4 /* Frameworks */,
				9A4483DE24F3FDC600919FA4 /* Resources */,
			);
			buildRules = (
			);
			dependencies = (
				9A4483E224F3FDC600919FA4 /* PBXTargetDependency */,
			);
			name = "heart-to-heartUITests";
			productName = "heart-to-heartUITests";
			productReference = 9A4483E024F3FDC600919FA4 /* heart-to-heartUITests.xctest */;
			productType = "com.apple.product-type.bundle.ui-testing";
		};
/* End PBXNativeTarget section */

/* Begin PBXProject section */
		9A4483B724F3FDC500919FA4 /* Project object */ = {
			isa = PBXProject;
			attributes = {
				LastSwiftUpdateCheck = 1130;
				LastUpgradeCheck = 1130;
				ORGANIZATIONNAME = yologger;
				TargetAttributes = {
					9A4483BE24F3FDC500919FA4 = {
						CreatedOnToolsVersion = 11.3;
					};
					9A4483D424F3FDC600919FA4 = {
						CreatedOnToolsVersion = 11.3;
						TestTargetID = 9A4483BE24F3FDC500919FA4;
					};
					9A4483DF24F3FDC600919FA4 = {
						CreatedOnToolsVersion = 11.3;
						TestTargetID = 9A4483BE24F3FDC500919FA4;
					};
				};
			};
			buildConfigurationList = 9A4483BA24F3FDC500919FA4 /* Build configuration list for PBXProject "heart-to-heart" */;
			compatibilityVersion = "Xcode 9.3";
			developmentRegion = en;
			hasScannedForEncodings = 0;
			knownRegions = (
				en,
				Base,
			);
			mainGroup = 9A4483B624F3FDC500919FA4;
			productRefGroup = 9A4483C024F3FDC500919FA4 /* Products */;
			projectDirPath = "";
			projectRoot = "";
			targets = (
				9A4483BE24F3FDC500919FA4 /* heart-to-heart */,
				9A4483D424F3FDC600919FA4 /* heart-to-heartTests */,
				9A4483DF24F3FDC600919FA4 /* heart-to-heartUITests */,
			);
		};
/* End PBXProject section */

/* Begin PBXResourcesBuildPhase section */
		9A4483BD24F3FDC500919FA4 /* Resources */ = {
			isa = PBXResourcesBuildPhase;
			buildActionMask = 2147483647;
			files = (
				9A6F258D24F8F1B600000BD8 /* Profile.storyboard in Resources */,
				9A7013EE2522FA000002DC74 /* Follower.storyboard in Resources */,
				9A4483CF24F3FDC600919FA4 /* LaunchScreen.storyboard in Resources */,
				9A08C9A925104B6200C9BE01 /* avatar1.png in Resources */,
				9A7013DC252239700002DC74 /* ChangePassword.storyboard in Resources */,
				9A08C9A5250F9AB000C9BE01 /* FollowingTableViewCell.xib in Resources */,
				9A04D4BB251DCAC90088CCAB /* SearchHistory.storyboard in Resources */,
				9A2B4C0F2535684500C66681 /* FollowerTableViewCell.xib in Resources */,
				9A6F25E824FE40C700000BD8 /* FindPassword.storyboard in Resources */,
				9A7013D9252234630002DC74 /* CreatePost.storyboard in Resources */,
				9A5BF27B25364C9D002B633C /* ChangeNickname.storyboard in Resources */,
				9A6F25E224FE3FFC00000BD8 /* SignUp.storyboard in Resources */,
				9A5BF27F25364D3F002B633C /* GetCurrentPassword.storyboard in Resources */,
				9A2B4C1325356A9E00C66681 /* PostTableViewCell.xib in Resources */,
				9A6F258724F8F17200000BD8 /* Home.storyboard in Resources */,
				9A7ADFE525347CE400A99065 /* Following.storyboard in Resources */,
				9A6F259524F8F4DE00000BD8 /* Main.storyboard in Resources */,
				9A4483CC24F3FDC600919FA4 /* Assets.xcassets in Resources */,
				9AFD5AF9251B58E1000D0DEC /* test.png in Resources */,
				9A6F259324F8F26F00000BD8 /* Follow.storyboard in Resources */,
				9A9282B124F7DC5200D61580 /* LogIn.storyboard in Resources */,
				9A5BF27625359E5A002B633C /* SearchHistoryTableViewCell.xib in Resources */,
				9A4483CA24F3FDC500919FA4 /* Main.storyboard in Resources */,
			);
			runOnlyForDeploymentPostprocessing = 0;
		};
		9A4483D324F3FDC600919FA4 /* Resources */ = {
			isa = PBXResourcesBuildPhase;
			buildActionMask = 2147483647;
			files = (
			);
			runOnlyForDeploymentPostprocessing = 0;
		};
		9A4483DE24F3FDC600919FA4 /* Resources */ = {
			isa = PBXResourcesBuildPhase;
			buildActionMask = 2147483647;
			files = (
			);
			runOnlyForDeploymentPostprocessing = 0;
		};
/* End PBXResourcesBuildPhase section */

/* Begin PBXShellScriptBuildPhase section */
		9A6F259F24F9239F00000BD8 /* ShellScript */ = {
			isa = PBXShellScriptBuildPhase;
			buildActionMask = 2147483647;
			files = (
			);
			inputFileListPaths = (
			);
			inputPaths = (
				"$(SRCROOT)/Carthage/Build/iOS/RxRelay.framework",
				"$(SRCROOT)/Carthage/Build/iOS/RxBlocking.framework",
				"$(SRCROOT)/Carthage/Build/iOS/RxSwift.framework",
				"$(SRCROOT)/Carthage/Build/iOS/RxCocoa.framework",
				"$(SRCROOT)/Carthage/Build/iOS/Swinject.framework",
				"$(SRCROOT)/Carthage/Build/iOS/SwinjectAutoregistration.framework",
			);
			outputFileListPaths = (
			);
			outputPaths = (
			);
			runOnlyForDeploymentPostprocessing = 0;
			shellPath = /bin/sh;
			shellScript = "# Type a script or drag a script file from your workspace to insert its path.\n/usr/local/bin/carthage copy-frameworks\n";
		};
/* End PBXShellScriptBuildPhase section */

/* Begin PBXSourcesBuildPhase section */
		9A4483BB24F3FDC500919FA4 /* Sources */ = {
			isa = PBXSourcesBuildPhase;
			buildActionMask = 2147483647;
			files = (
				9A7013EA2522F8F40002DC74 /* FollowingViewController.swift in Sources */,
				9A2B4C112535686600C66681 /* FollowerTableViewCell.swift in Sources */,
				9A6F260F250741E900000BD8 /* Container+Coordinators.swift in Sources */,
				9A6F25F32506214300000BD8 /* FindPasswordViewModel.swift in Sources */,
				9A6F260B2507416500000BD8 /* Container+RegisterDependencies.swift in Sources */,
				9A4483C724F3FDC500919FA4 /* ViewController.swift in Sources */,
				9A92825224F6914C00D61580 /* AppCoordinator.swift in Sources */,
				9A6F2613250768ED00000BD8 /* Container+UseCases.swift in Sources */,
				9A6F257E24F8EEF100000BD8 /* MainViewController.swift in Sources */,
				9A7013EC2522F9D10002DC74 /* FollowerViewController.swift in Sources */,
				9A4483C324F3FDC500919FA4 /* AppDelegate.swift in Sources */,
				9A7013E225223CB00002DC74 /* ChangePasswordViewModel.swift in Sources */,
				9A06929125219A87008EB135 /* PostListViewController.swift in Sources */,
				9A6F258924F8F19100000BD8 /* ProfileViewController.swift in Sources */,
				9A7013F22522FBE40002DC74 /* FollowerViewModel.swift in Sources */,
				9A6F258524F8F16700000BD8 /* HomeCoordinator.swift in Sources */,
				9A6F25FD250721E100000BD8 /* GetSessionStateUseCase.swift in Sources */,
				9A2B4C1525356AC300C66681 /* PostTableViewCell.swift in Sources */,
				9A5BF28325364D82002B633C /* GetCurrentPasswordViewModel.swift in Sources */,
				9A04D4C0251DCFC90088CCAB /* UIViewControllerExtension.swift in Sources */,
				9AFD5B00251C772E000D0DEC /* CreatePostViewModel.swift in Sources */,
				9A6F25FA25071FD000000BD8 /* BaseUseCase.swift in Sources */,
				9A9282AD24F7DBEE00D61580 /* AuthorizationCoordinator.swift in Sources */,
				9A6F26152507690B00000BD8 /* Container+Repositories.swift in Sources */,
				9A6F258B24F8F1AC00000BD8 /* ProfileCoordinator.swift in Sources */,
				9A6F259124F8F26000000BD8 /* FollowVIewController.swift in Sources */,
				9A6F260325072A7B00000BD8 /* SessionRepository.swift in Sources */,
				9AFD5B02251C7A34000D0DEC /* HomeViewModel.swift in Sources */,
				9A08C9A3250F92D100C9BE01 /* FollowViewModel.swift in Sources */,
				9A9282AB24F7DA4F00D61580 /* BaseCoordinator.swift in Sources */,
				9A6F25A124F9251100000BD8 /* LogInViewModel.swift in Sources */,
				9A9282AF24F7DC3600D61580 /* LogInViewController.swift in Sources */,
				9A6F257C24F8EC3000000BD8 /* StoryboardInstantiable.swift in Sources */,
				9A7013DE252239800002DC74 /* ChangePasswordViewController.swift in Sources */,
				9A7013E42522EE880002DC74 /* SearchHistoryViewModel.swift in Sources */,
				9A7013F02522FB830002DC74 /* FollowingViewModel.swift in Sources */,
				9A7013E025223B730002DC74 /* ProfileViewModel.swift in Sources */,
				9A04D4BD251DCAE60088CCAB /* SearchHistoryViewController.swift in Sources */,
				9A6F257A24F8EA7F00000BD8 /* MainCoordiator.swift in Sources */,
				9A6F258324F8F15900000BD8 /* HomeViewController.swift in Sources */,
				9A5BF28125364D57002B633C /* GetCurrentPasswordViewController.swift in Sources */,
				9A6F25EC24FE41A800000BD8 /* FindPasswordViewController.swift in Sources */,
				9A5BF27D25364CB0002B633C /* ChangeNicknameViewController.swift in Sources */,
				9A6F25EF2500D0C800000BD8 /* BaseViewModel.swift in Sources */,
				9A6F260625072AA300000BD8 /* BaseRepository.swift in Sources */,
				9A6F25FF250723B400000BD8 /* LogInUseCase.swift in Sources */,
				9A08C9A7250F9AC200C9BE01 /* FollowingTableViewCell.swift in Sources */,
				9A6F260D2507419900000BD8 /* Container+ViewModels.swift in Sources */,
				9A6F258F24F8F1CD00000BD8 /* FollowCoordinator.swift in Sources */,
				9A6F25EA24FE415800000BD8 /* SignUpViewController.swift in Sources */,
				9A5BF28525364DC5002B633C /* ChangeNicknameViewModel.swift in Sources */,
				9A5BF27825359E65002B633C /* SearchHistoryTableViewCell.swift in Sources */,
				9A6F25F12500D20300000BD8 /* SignUpViewModel.swift in Sources */,
				9AFD5AFB251C6FF8000D0DEC /* CreatePostViewController.swift in Sources */,
				9A6F257824F8E96700000BD8 /* ViewControllerUtils.swift in Sources */,
			);
			runOnlyForDeploymentPostprocessing = 0;
		};
		9A4483D124F3FDC600919FA4 /* Sources */ = {
			isa = PBXSourcesBuildPhase;
			buildActionMask = 2147483647;
			files = (
				9A4483DA24F3FDC600919FA4 /* heart_to_heartTests.swift in Sources */,
			);
			runOnlyForDeploymentPostprocessing = 0;
		};
		9A4483DC24F3FDC600919FA4 /* Sources */ = {
			isa = PBXSourcesBuildPhase;
			buildActionMask = 2147483647;
			files = (
				9A4483E524F3FDC600919FA4 /* heart_to_heartUITests.swift in Sources */,
			);
			runOnlyForDeploymentPostprocessing = 0;
		};
/* End PBXSourcesBuildPhase section */

/* Begin PBXTargetDependency section */
		9A4483D724F3FDC600919FA4 /* PBXTargetDependency */ = {
			isa = PBXTargetDependency;
			target = 9A4483BE24F3FDC500919FA4 /* heart-to-heart */;
			targetProxy = 9A4483D624F3FDC600919FA4 /* PBXContainerItemProxy */;
		};
		9A4483E224F3FDC600919FA4 /* PBXTargetDependency */ = {
			isa = PBXTargetDependency;
			target = 9A4483BE24F3FDC500919FA4 /* heart-to-heart */;
			targetProxy = 9A4483E124F3FDC600919FA4 /* PBXContainerItemProxy */;
		};
/* End PBXTargetDependency section */

/* Begin PBXVariantGroup section */
		9A4483C824F3FDC500919FA4 /* Main.storyboard */ = {
			isa = PBXVariantGroup;
			children = (
				9A4483C924F3FDC500919FA4 /* Base */,
			);
			name = Main.storyboard;
			sourceTree = "<group>";
		};
		9A4483CD24F3FDC600919FA4 /* LaunchScreen.storyboard */ = {
			isa = PBXVariantGroup;
			children = (
				9A4483CE24F3FDC600919FA4 /* Base */,
			);
			name = LaunchScreen.storyboard;
			sourceTree = "<group>";
		};
/* End PBXVariantGroup section */

/* Begin XCBuildConfiguration section */
		9A4483E724F3FDC600919FA4 /* Debug */ = {
			isa = XCBuildConfiguration;
			buildSettings = {
				ALWAYS_SEARCH_USER_PATHS = NO;
				CLANG_ANALYZER_NONNULL = YES;
				CLANG_ANALYZER_NUMBER_OBJECT_CONVERSION = YES_AGGRESSIVE;
				CLANG_CXX_LANGUAGE_STANDARD = "gnu++14";
				CLANG_CXX_LIBRARY = "libc++";
				CLANG_ENABLE_MODULES = YES;
				CLANG_ENABLE_OBJC_ARC = YES;
				CLANG_ENABLE_OBJC_WEAK = YES;
				CLANG_WARN_BLOCK_CAPTURE_AUTORELEASING = YES;
				CLANG_WARN_BOOL_CONVERSION = YES;
				CLANG_WARN_COMMA = YES;
				CLANG_WARN_CONSTANT_CONVERSION = YES;
				CLANG_WARN_DEPRECATED_OBJC_IMPLEMENTATIONS = YES;
				CLANG_WARN_DIRECT_OBJC_ISA_USAGE = YES_ERROR;
				CLANG_WARN_DOCUMENTATION_COMMENTS = YES;
				CLANG_WARN_EMPTY_BODY = YES;
				CLANG_WARN_ENUM_CONVERSION = YES;
				CLANG_WARN_INFINITE_RECURSION = YES;
				CLANG_WARN_INT_CONVERSION = YES;
				CLANG_WARN_NON_LITERAL_NULL_CONVERSION = YES;
				CLANG_WARN_OBJC_IMPLICIT_RETAIN_SELF = YES;
				CLANG_WARN_OBJC_LITERAL_CONVERSION = YES;
				CLANG_WARN_OBJC_ROOT_CLASS = YES_ERROR;
				CLANG_WARN_RANGE_LOOP_ANALYSIS = YES;
				CLANG_WARN_STRICT_PROTOTYPES = YES;
				CLANG_WARN_SUSPICIOUS_MOVE = YES;
				CLANG_WARN_UNGUARDED_AVAILABILITY = YES_AGGRESSIVE;
				CLANG_WARN_UNREACHABLE_CODE = YES;
				CLANG_WARN__DUPLICATE_METHOD_MATCH = YES;
				COPY_PHASE_STRIP = NO;
				DEBUG_INFORMATION_FORMAT = dwarf;
				ENABLE_STRICT_OBJC_MSGSEND = YES;
				ENABLE_TESTABILITY = YES;
				GCC_C_LANGUAGE_STANDARD = gnu11;
				GCC_DYNAMIC_NO_PIC = NO;
				GCC_NO_COMMON_BLOCKS = YES;
				GCC_OPTIMIZATION_LEVEL = 0;
				GCC_PREPROCESSOR_DEFINITIONS = (
					"DEBUG=1",
					"$(inherited)",
				);
				GCC_WARN_64_TO_32_BIT_CONVERSION = YES;
				GCC_WARN_ABOUT_RETURN_TYPE = YES_ERROR;
				GCC_WARN_UNDECLARED_SELECTOR = YES;
				GCC_WARN_UNINITIALIZED_AUTOS = YES_AGGRESSIVE;
				GCC_WARN_UNUSED_FUNCTION = YES;
				GCC_WARN_UNUSED_VARIABLE = YES;
				IPHONEOS_DEPLOYMENT_TARGET = 13.2;
				MTL_ENABLE_DEBUG_INFO = INCLUDE_SOURCE;
				MTL_FAST_MATH = YES;
				ONLY_ACTIVE_ARCH = YES;
				SDKROOT = iphoneos;
				SWIFT_ACTIVE_COMPILATION_CONDITIONS = DEBUG;
				SWIFT_OPTIMIZATION_LEVEL = "-Onone";
			};
			name = Debug;
		};
		9A4483E824F3FDC600919FA4 /* Release */ = {
			isa = XCBuildConfiguration;
			buildSettings = {
				ALWAYS_SEARCH_USER_PATHS = NO;
				CLANG_ANALYZER_NONNULL = YES;
				CLANG_ANALYZER_NUMBER_OBJECT_CONVERSION = YES_AGGRESSIVE;
				CLANG_CXX_LANGUAGE_STANDARD = "gnu++14";
				CLANG_CXX_LIBRARY = "libc++";
				CLANG_ENABLE_MODULES = YES;
				CLANG_ENABLE_OBJC_ARC = YES;
				CLANG_ENABLE_OBJC_WEAK = YES;
				CLANG_WARN_BLOCK_CAPTURE_AUTORELEASING = YES;
				CLANG_WARN_BOOL_CONVERSION = YES;
				CLANG_WARN_COMMA = YES;
				CLANG_WARN_CONSTANT_CONVERSION = YES;
				CLANG_WARN_DEPRECATED_OBJC_IMPLEMENTATIONS = YES;
				CLANG_WARN_DIRECT_OBJC_ISA_USAGE = YES_ERROR;
				CLANG_WARN_DOCUMENTATION_COMMENTS = YES;
				CLANG_WARN_EMPTY_BODY = YES;
				CLANG_WARN_ENUM_CONVERSION = YES;
				CLANG_WARN_INFINITE_RECURSION = YES;
				CLANG_WARN_INT_CONVERSION = YES;
				CLANG_WARN_NON_LITERAL_NULL_CONVERSION = YES;
				CLANG_WARN_OBJC_IMPLICIT_RETAIN_SELF = YES;
				CLANG_WARN_OBJC_LITERAL_CONVERSION = YES;
				CLANG_WARN_OBJC_ROOT_CLASS = YES_ERROR;
				CLANG_WARN_RANGE_LOOP_ANALYSIS = YES;
				CLANG_WARN_STRICT_PROTOTYPES = YES;
				CLANG_WARN_SUSPICIOUS_MOVE = YES;
				CLANG_WARN_UNGUARDED_AVAILABILITY = YES_AGGRESSIVE;
				CLANG_WARN_UNREACHABLE_CODE = YES;
				CLANG_WARN__DUPLICATE_METHOD_MATCH = YES;
				COPY_PHASE_STRIP = NO;
				DEBUG_INFORMATION_FORMAT = "dwarf-with-dsym";
				ENABLE_NS_ASSERTIONS = NO;
				ENABLE_STRICT_OBJC_MSGSEND = YES;
				GCC_C_LANGUAGE_STANDARD = gnu11;
				GCC_NO_COMMON_BLOCKS = YES;
				GCC_WARN_64_TO_32_BIT_CONVERSION = YES;
				GCC_WARN_ABOUT_RETURN_TYPE = YES_ERROR;
				GCC_WARN_UNDECLARED_SELECTOR = YES;
				GCC_WARN_UNINITIALIZED_AUTOS = YES_AGGRESSIVE;
				GCC_WARN_UNUSED_FUNCTION = YES;
				GCC_WARN_UNUSED_VARIABLE = YES;
				IPHONEOS_DEPLOYMENT_TARGET = 13.2;
				MTL_ENABLE_DEBUG_INFO = NO;
				MTL_FAST_MATH = YES;
				SDKROOT = iphoneos;
				SWIFT_COMPILATION_MODE = wholemodule;
				SWIFT_OPTIMIZATION_LEVEL = "-O";
				VALIDATE_PRODUCT = YES;
			};
			name = Release;
		};
		9A4483EA24F3FDC600919FA4 /* Debug */ = {
			isa = XCBuildConfiguration;
			buildSettings = {
				ASSETCATALOG_COMPILER_APPICON_NAME = AppIcon;
				CODE_SIGN_STYLE = Automatic;
				FRAMEWORK_SEARCH_PATHS = (
					"$(inherited)",
					"$(PROJECT_DIR)/Carthage/Build/iOS",
				);
				INFOPLIST_FILE = "heart-to-heart/Info.plist";
				LD_RUNPATH_SEARCH_PATHS = (
					"$(inherited)",
					"@executable_path/Frameworks",
				);
				PRODUCT_BUNDLE_IDENTIFIER = "com.yologger.heart-to-heart";
				PRODUCT_NAME = "$(TARGET_NAME)";
				SWIFT_VERSION = 5.0;
				TARGETED_DEVICE_FAMILY = "1,2";
			};
			name = Debug;
		};
		9A4483EB24F3FDC600919FA4 /* Release */ = {
			isa = XCBuildConfiguration;
			buildSettings = {
				ASSETCATALOG_COMPILER_APPICON_NAME = AppIcon;
				CODE_SIGN_STYLE = Automatic;
				FRAMEWORK_SEARCH_PATHS = (
					"$(inherited)",
					"$(PROJECT_DIR)/Carthage/Build/iOS",
				);
				INFOPLIST_FILE = "heart-to-heart/Info.plist";
				LD_RUNPATH_SEARCH_PATHS = (
					"$(inherited)",
					"@executable_path/Frameworks",
				);
				PRODUCT_BUNDLE_IDENTIFIER = "com.yologger.heart-to-heart";
				PRODUCT_NAME = "$(TARGET_NAME)";
				SWIFT_VERSION = 5.0;
				TARGETED_DEVICE_FAMILY = "1,2";
			};
			name = Release;
		};
		9A4483ED24F3FDC600919FA4 /* Debug */ = {
			isa = XCBuildConfiguration;
			buildSettings = {
				ALWAYS_EMBED_SWIFT_STANDARD_LIBRARIES = YES;
				BUNDLE_LOADER = "$(TEST_HOST)";
				CODE_SIGN_STYLE = Automatic;
				INFOPLIST_FILE = "heart-to-heartTests/Info.plist";
				IPHONEOS_DEPLOYMENT_TARGET = 13.2;
				LD_RUNPATH_SEARCH_PATHS = (
					"$(inherited)",
					"@executable_path/Frameworks",
					"@loader_path/Frameworks",
				);
				PRODUCT_BUNDLE_IDENTIFIER = "com.yologger.heart-to-heartTests";
				PRODUCT_NAME = "$(TARGET_NAME)";
				SWIFT_VERSION = 5.0;
				TARGETED_DEVICE_FAMILY = "1,2";
				TEST_HOST = "$(BUILT_PRODUCTS_DIR)/heart-to-heart.app/heart-to-heart";
			};
			name = Debug;
		};
		9A4483EE24F3FDC600919FA4 /* Release */ = {
			isa = XCBuildConfiguration;
			buildSettings = {
				ALWAYS_EMBED_SWIFT_STANDARD_LIBRARIES = YES;
				BUNDLE_LOADER = "$(TEST_HOST)";
				CODE_SIGN_STYLE = Automatic;
				INFOPLIST_FILE = "heart-to-heartTests/Info.plist";
				IPHONEOS_DEPLOYMENT_TARGET = 13.2;
				LD_RUNPATH_SEARCH_PATHS = (
					"$(inherited)",
					"@executable_path/Frameworks",
					"@loader_path/Frameworks",
				);
				PRODUCT_BUNDLE_IDENTIFIER = "com.yologger.heart-to-heartTests";
				PRODUCT_NAME = "$(TARGET_NAME)";
				SWIFT_VERSION = 5.0;
				TARGETED_DEVICE_FAMILY = "1,2";
				TEST_HOST = "$(BUILT_PRODUCTS_DIR)/heart-to-heart.app/heart-to-heart";
			};
			name = Release;
		};
		9A4483F024F3FDC600919FA4 /* Debug */ = {
			isa = XCBuildConfiguration;
			buildSettings = {
				ALWAYS_EMBED_SWIFT_STANDARD_LIBRARIES = YES;
				CODE_SIGN_STYLE = Automatic;
				INFOPLIST_FILE = "heart-to-heartUITests/Info.plist";
				LD_RUNPATH_SEARCH_PATHS = (
					"$(inherited)",
					"@executable_path/Frameworks",
					"@loader_path/Frameworks",
				);
				PRODUCT_BUNDLE_IDENTIFIER = "com.yologger.heart-to-heartUITests";
				PRODUCT_NAME = "$(TARGET_NAME)";
				SWIFT_VERSION = 5.0;
				TARGETED_DEVICE_FAMILY = "1,2";
				TEST_TARGET_NAME = "heart-to-heart";
			};
			name = Debug;
		};
		9A4483F124F3FDC600919FA4 /* Release */ = {
			isa = XCBuildConfiguration;
			buildSettings = {
				ALWAYS_EMBED_SWIFT_STANDARD_LIBRARIES = YES;
				CODE_SIGN_STYLE = Automatic;
				INFOPLIST_FILE = "heart-to-heartUITests/Info.plist";
				LD_RUNPATH_SEARCH_PATHS = (
					"$(inherited)",
					"@executable_path/Frameworks",
					"@loader_path/Frameworks",
				);
				PRODUCT_BUNDLE_IDENTIFIER = "com.yologger.heart-to-heartUITests";
				PRODUCT_NAME = "$(TARGET_NAME)";
				SWIFT_VERSION = 5.0;
				TARGETED_DEVICE_FAMILY = "1,2";
				TEST_TARGET_NAME = "heart-to-heart";
			};
			name = Release;
		};
/* End XCBuildConfiguration section */

/* Begin XCConfigurationList section */
		9A4483BA24F3FDC500919FA4 /* Build configuration list for PBXProject "heart-to-heart" */ = {
			isa = XCConfigurationList;
			buildConfigurations = (
				9A4483E724F3FDC600919FA4 /* Debug */,
				9A4483E824F3FDC600919FA4 /* Release */,
			);
			defaultConfigurationIsVisible = 0;
			defaultConfigurationName = Release;
		};
		9A4483E924F3FDC600919FA4 /* Build configuration list for PBXNativeTarget "heart-to-heart" */ = {
			isa = XCConfigurationList;
			buildConfigurations = (
				9A4483EA24F3FDC600919FA4 /* Debug */,
				9A4483EB24F3FDC600919FA4 /* Release */,
			);
			defaultConfigurationIsVisible = 0;
			defaultConfigurationName = Release;
		};
		9A4483EC24F3FDC600919FA4 /* Build configuration list for PBXNativeTarget "heart-to-heartTests" */ = {
			isa = XCConfigurationList;
			buildConfigurations = (
				9A4483ED24F3FDC600919FA4 /* Debug */,
				9A4483EE24F3FDC600919FA4 /* Release */,
			);
			defaultConfigurationIsVisible = 0;
			defaultConfigurationName = Release;
		};
		9A4483EF24F3FDC600919FA4 /* Build configuration list for PBXNativeTarget "heart-to-heartUITests" */ = {
			isa = XCConfigurationList;
			buildConfigurations = (
				9A4483F024F3FDC600919FA4 /* Debug */,
				9A4483F124F3FDC600919FA4 /* Release */,
			);
			defaultConfigurationIsVisible = 0;
			defaultConfigurationName = Release;
		};
/* End XCConfigurationList section */
	};
	rootObject = 9A4483B724F3FDC500919FA4 /* Project object */;
}
